PODS:
  - Alamofire (4.7.0)
  - FXKeychain (1.5.3)
  - SVProgressHUD (2.2.5)
  - Unbox (2.5.0)
  - Wrap (2.1.1)

DEPENDENCIES:
  - Alamofire (~> 4.0)
  - FXKeychain (~> 1.5)
  - SVProgressHUD (~> 2.0)
  - Unbox (~> 2.4)
  - Wrap (~> 2.1)

SPEC CHECKSUMS:
  Alamofire: 907e0a98eb68cdb7f9d1f541a563d6ac5dc77b25
  FXKeychain: 2fe54573946ffef634f4e2a2851e6c8f4ea15e76
  SVProgressHUD: 1428aafac632c1f86f62aa4243ec12008d7a51d6
  Unbox: 30e437e6151a6de16139375fd4e8dd9a664cfbf7
  Wrap: 9cc7da7551bb81d0846cb3df9fb624c6c32d267d

PODFILE CHECKSUM: 76958ce47dc77c8fb3c5b0a73796e269e176a0f9

COCOAPODS: 1.4.0
